github.com/davecgh/go-spew v1.1.0/go.mod h1:J7Y8YcW2NihsgmVo/mv3lAwl/skON4iLHjSsI+c5H38=
github.com/davecgh/go-spew v1.1.1 h1:vj9j/u1bqnvCEfJOwUhtlOARqs3+rkHYY13jYWTU97c=
github.com/davecgh/go-spew v1.1.1/go.mod h1:J7Y8YcW2NihsgmVo/mv3lAwl/skON4iLHjSsI+c5H38=
github.com/exactlylabs/go-errors v0.0.2 h1:1027rcDf8/0nRdooF5yllNV+BtAg6Lr9qS3NH87WpPA=
github.com/exactlylabs/go-errors v0.0.2/go.mod h1:T1BpfYWTYfnolGrSw/nT4S6PZ+TC4uXCKqvjfCj/OTc=
github.com/exactlylabs/go-monitor v0.0.3 h1:MSoojurL6RPeKowmsqA0ATlAHCLWxPcx2KpoTOsXSZ4=
github.com/exactlylabs/go-monitor v0.0.3/go.mod h1:gQmRlUcAJcaKIt6kAgEmVEsjaqpqgJxD67xcn1R5p+0=
github.com/felixge/httpsnoop v1.0.1/go.mod h1:m8KPJKqk1gH5J9DgRY2ASl2lWCfGKXixSwevea8zH2U=
github.com/felixge/httpsnoop v1.0.3 h1:s/nj+GCswXYzN5v2DpNMuMQYe+0DDwt5WVCU6CWBdXk=
github.com/felixge/httpsnoop v1.0.3/go.mod h1:m8KPJKqk1gH5J9DgRY2ASl2lWCfGKXixSwevea8zH2U=
github.com/getsentry/sentry-go v0.19.0 h1:BcCH3CN5tXt5aML+gwmbFwVptLLQA+eT866fCO9wVOM=
github.com/getsentry/sentry-go v0.19.0/go.mod h1:y3+lGEFEFexZtpbG1GUE2WD/f9zGyKYwpEqryTOC/nE=
github.com/go-errors/errors v1.4.2 h1:J6MZopCL4uSllY1OfXM374weqZFFItUbrImctkmUxIA=
github.com/go-logr/logr v1.2.2/go.mod h1:jdQByPbusPIv2/zmleS9BjJVeZ6kBagPoEUsqbVz/1A=
github.com/go-logr/logr v1.2.3 h1:2DntVwHkVopvECVRSlL5PSo9eG+cAkDCuckLubN+rq0=
github.com/go-logr/logr v1.2.3/go.mod h1:jdQByPbusPIv2/zmleS9BjJVeZ6kBagPoEUsqbVz/1A=
github.com/go-logr/stdr v1.2.2 h1:hSWxHoqTgW2S2qGc0LTAI563KZ5YKYRhT3MFKZMbjag=
github.com/go-logr/stdr v1.2.2/go.mod h1:mMo/vtBO5dYbehREoey6XUKy/eSumjCCveDpRre4VKE=
github.com/go-playground/assert/v2 v2.2.0 h1:JvknZsQTYeFEAhQwI4qEt9cyV5ONwRHC+lYKSsYSR8s=
github.com/go-playground/locales v0.14.1 h1:EWaQ/wswjilfKLTECiXz7Rh+3BjFhfDFKv/oXslEjJA=
github.com/go-playground/locales v0.14.1/go.mod h1:hxrqLVvrK65+Rwrd5Fc6F2O76J/NuW9t0sjnWqG1slY=
github.com/go-playground/universal-translator v0.18.1 h1:Bcnm0ZwsGyWbCzImXv+pAJnYK9S473LQFuzCbDbfSFY=
github.com/go-playground/universal-translator v0.18.1/go.mod h1:xekY+UJKNuX9WP91TpwSH2VMlDf28Uj24BCp08ZFTUY=
github.com/go-playground/validator/v10 v10.12.0 h1:E4gtWgxWxp8YSxExrQFv5BpCahla0PVF2oTTEYaWQGI=
github.com/go-playground/validator/v10 v10.12.0/go.mod h1:hCAPuzYvKdP33pxWa+2+6AIKXEKqjIUyqsNCtbsSJrA=
github.com/gofrs/uuid v4.4.0+incompatible h1:3qXRTX8/NbyulANqlc0lchS1gqAVxRgsuW1YrTJupqA=
github.com/gofrs/uuid v4.4.0+incompatible/go.mod h1:b2aQJv3Z4Fp6yNu3cdSllBxTCLRxnplIgP/c0N/04lM=
github.com/google/go-cmp v0.5.9 h1:O2Tfq5qg4qc4AmwVlvv0oLiVAGB7enBSJ2x2DqQFi38=
github.com/gorilla/handlers v1.5.1 h1:9lRY6j8DEeeBT10CvO9hGW0gmky0BprnvDI5vfhUHH4=
github.com/gorilla/handlers v1.5.1/go.mod h1:t8XrUpc4KVXb7HGyJ4/cEnwQiaxrX/hz1Zv/4g96P1Q=
github.com/gorilla/mux v1.8.0 h1:i40aqfkR1h2SlN9hojwV5ZA91wcXFOvkdNIeFDP5koI=
github.com/gorilla/mux v1.8.0/go.mod h1:DVbg23sWSpFRCP0SfiEN6jmj59UnW/n46BH5rLB71So=
github.com/leodido/go-urn v1.2.2 h1:7z68G0FCGvDk646jz1AelTYNYWrTNm0bEcFAo147wt4=
github.com/leodido/go-urn v1.2.2/go.mod h1:kUaIbLZWttglzwNuG0pgsh5vuV6u2YcGBYz1hIPjtOQ=
github.com/pingcap/errors v0.11.4 h1:lFuQV/oaUMGcD2tqt+01ROSmJs75VG1ToEOkZIZ4nE4=
github.com/pkg/errors v0.9.1 h1:FEBLx1zS214owpjy7qsBeixbURkuhQAwrK5UwLGTwt4=
github.com/pkg/errors v0.9.1/go.mod h1:bwawxfHBFNV+L2hUp1rHADufV3IMtnDRdf1r5NINEl0=
github.com/pmezard/go-difflib v1.0.0 h1:4DBwDE0NGyQoBHbLQYPwSUPoCMWR5BEzIk/f1lZbAQM=
github.com/pmezard/go-difflib v1.0.0/go.mod h1:iKH77koFhYxTK1pcRnkKkqfTogsbg7gZNVY4sRDYZ/4=
github.com/rwtodd/Go.Sed v0.0.0-20210816025313-55464686f9ef/go.mod h1:8AEUvGVi2uQ5b24BIhcr0GCcpd/RNAFWaN2CJFrWIIQ=
github.com/stretchr/objx v0.1.0/go.mod h1:HFkY916IF+rwdDfMAkV7OtwuqBVzrE8GR6GFx+wExME=
github.com/stretchr/objx v0.4.0/go.mod h1:YvHI0jy2hoMjB+UWwv71VJQ9isScKT/TqJzVSSt89Yw=
github.com/stretchr/objx v0.5.0/go.mod h1:Yh+to48EsGEfYuaHDzXPcE3xhTkx73EhmCGUpEOglKo=
github.com/stretchr/testify v1.7.1/go.mod h1:6Fq8oRcR53rry900zMqJjRRixrwX3KX962/h/Wwjteg=
github.com/stretchr/testify v1.8.0/go.mod h1:yNjHg4UonilssWZ8iaSj1OCr/vHnekPRkoO+kdMU+MU=
github.com/stretchr/testify v1.8.2 h1:+h33VjcLVPDHtOdpUCuF+7gSuG3yGIftsP1YvFihtJ8=
github.com/stretchr/testify v1.8.2/go.mod h1:w2LPCIKwWwSfY2zedu0+kehJoqGctiVI29o6fzry7u4=
go.opentelemetry.io/contrib/instrumentation/net/http/otelhttp v0.40.0 h1:lE9EJyw3/JhrjWH/hEy9FptnalDQgj7vpbgC2KCCCxE=
go.opentelemetry.io/contrib/instrumentation/net/http/otelhttp v0.40.0/go.mod h1:pcQ3MM3SWvrA71U4GDqv9UFDJ3HQsW7y5ZO3tDTlUdI=
go.opentelemetry.io/otel v1.14.0 h1:/79Huy8wbf5DnIPhemGB+zEPVwnN6fuQybr/SRXa6hM=
go.opentelemetry.io/otel v1.14.0/go.mod h1:o4buv+dJzx8rohcUeRmWUZhqupFvzWis188WlggnNeU=
go.opentelemetry.io/otel/metric v0.37.0 h1:pHDQuLQOZwYD+Km0eb657A25NaRzy0a+eLyKfDXedEs=
go.opentelemetry.io/otel/metric v0.37.0/go.mod h1:DmdaHfGt54iV6UKxsV9slj2bBRJcKC1B1uvDLIioc1s=
go.opentelemetry.io/otel/sdk v1.14.0 h1:PDCppFRDq8A1jL9v6KMI6dYesaq+DFcDZvjsoGvxGzY=
go.opentelemetry.io/otel/sdk v1.14.0/go.mod h1:bwIC5TjrNG6QDCHNWvW4HLHtUQ4I+VQDsnjhvyZCALM=
go.opentelemetry.io/otel/trace v1.14.0 h1:wp2Mmvj41tDsyAJXiWDWpfNsOiIyd38fy85pyKcFq/M=
go.opentelemetry.io/otel/trace v1.14.0/go.mod h1:8avnQLK+CG77yNLUae4ea2JDQ6iT+gozhnZjy/rw9G8=
golang.org/x/crypto v0.7.0 h1:AvwMYaRytfdeVt3u6mLaxYtErKYjxA2OXjJ1HHq6t3A=
golang.org/x/crypto v0.7.0/go.mod h1:pYwdfH91IfpZVANVyUOhSIPZaFoJGxTFbZhFTx+dXZU=
golang.org/x/sync v0.1.0 h1:wsuoTGHzEhffawBOhz5CYhcrV4IdKZbEyZjBMuTp12o=
golang.org/x/sync v0.1.0/go.mod h1:RxMgew5VJxzue5/jJTE5uejpjVlOe/izrB70Jof72aM=
golang.org/x/sys v0.6.0 h1:MVltZSvRTcU2ljQOhs94SXPftV6DCNnZViHeQps87pQ=
golang.org/x/sys v0.6.0/go.mod h1:oPkhp1MJrh7nUepCBck5+mAzfO9JrbApNNgaTdGDITg=
golang.org/x/text v0.8.0 h1:57P1ETyNKtuIjB4SRd15iJxuhj8Gc416Y78H3qgMh68=
golang.org/x/text v0.8.0/go.mod h1:e1OnstbJyHTd6l/uOt8jFFHp6TRDWZR/bV3emEE/zU8=
gopkg.in/check.v1 v0.0.0-20161208181325-20d25e280405/go.mod h1:Co6ibVJAznAaIkqp8huTwlJQCZ016jof/cbN4VW5Yz0=
gopkg.in/yaml.v3 v3.0.0-20200313102051-9f266ea9e77c/go.mod h1:K4uyk7z7BCEPqu6E+C64Yfv1cQ7kz7rIZviUmN+EgEM=
gopkg.in/yaml.v3 v3.0.1 h1:fxVm/GzAzEWqLHuvctI91KS9hhNmmWOoWu0XTYJS7CA=
gopkg.in/yaml.v3 v3.0.1/go.mod h1:K4uyk7z7BCEPqu6E+C64Yfv1cQ7kz7rIZviUmN+EgEM=
